
Microsoft Visual Studio Solution File, Format Version 12.00
# Visual Studio Version 16
VisualStudioVersion = 16.0.30225.117
MinimumVisualStudioVersion = 10.0.40219.1
Project("{FAE04EC0-301F-11D3-BF4B-00C04F79EFBC}") = "WebApi02", "WebApi02\WebApi02.csproj", "{61CECDE5-88D1-45EA-815A-1A8E1FE9D036}"
EndProject
Global
	GlobalSection(SolutionConfigurationPlatforms) = preSolution
		Debug|Any CPU = Debug|Any CPU
		Release|Any CPU = Release|Any CPU
	EndGlobalSection
	GlobalSection(ProjectConfigurationPlatforms) = postSolution
		{61CECDE5-88D1-45EA-815A-1A8E1FE9D036}.Debug|Any CPU.ActiveCfg = Debug|Any CPU
		{61CECDE5-88D1-45EA-815A-1A8E1FE9D036}.Debug|Any CPU.Build.0 = Debug|Any CPU
		{61CECDE5-88D1-45EA-815A-1A8E1FE9D036}.Release|Any CPU.ActiveCfg = Release|Any CPU
		{61CECDE5-88D1-45EA-815A-1A8E1FE9D036}.Release|Any CPU.Build.0 = Release|Any CPU
	EndGlobalSection
	GlobalSection(SolutionProperties) = preSolution
		HideSolutionNode = FALSE
	EndGlobalSection
	GlobalSection(ExtensibilityGlobals) = postSolution
		SolutionGuid = {4D8975F1-F15F-460E-9974-9A81D9EC0EBF}
	EndGlobalSection
EndGlobal
